
Microsoft Visual Studio Solution File, Format Version 12.00
# Visual Studio Version 17
VisualStudioVersion = 17.8.34309.116
MinimumVisualStudioVersion = 10.0.40219.1
Project("{9A19103F-16F7-4668-BE54-9A1E7A4F7556}") = "CorridaDeCachorros", "..\CorridaDeCachorros\CorridaDeCachorros.csproj", "{F9665BED-BA30-4B85-9CFE-EC2D47422BAF}"
EndProject
Project("{9A19103F-16F7-4668-BE54-9A1E7A4F7556}") = "CorridaDeCachorrosTests", "..\CorridaDeCachorrosTests\CorridaDeCachorrosTests.csproj", "{D567886B-E442-41AA-905C-8B83A0E064B1}"
EndProject
Project("{FAE04EC0-301F-11D3-BF4B-00C04F79EFBC}") = "CorridaDeCachorros.console", "..\CorridaDeCachorros.console\CorridaDeCachorros.console.csproj", "{FE0E38EA-E062-43C4-8E16-38B34042BCA8}"
EndProject
Global
	GlobalSection(SolutionConfigurationPlatforms) = preSolution
		Debug|Any CPU = Debug|Any CPU
		Release|Any CPU = Release|Any CPU
	EndGlobalSection
	GlobalSection(ProjectConfigurationPlatforms) = postSolution
		{F9665BED-BA30-4B85-9CFE-EC2D47422BAF}.Debug|Any CPU.ActiveCfg = Debug|Any CPU
		{F9665BED-BA30-4B85-9CFE-EC2D47422BAF}.Debug|Any CPU.Build.0 = Debug|Any CPU
		{F9665BED-BA30-4B85-9CFE-EC2D47422BAF}.Release|Any CPU.ActiveCfg = Release|Any CPU
		{F9665BED-BA30-4B85-9CFE-EC2D47422BAF}.Release|Any CPU.Build.0 = Release|Any CPU
		{D567886B-E442-41AA-905C-8B83A0E064B1}.Debug|Any CPU.ActiveCfg = Debug|Any CPU
		{D567886B-E442-41AA-905C-8B83A0E064B1}.Debug|Any CPU.Build.0 = Debug|Any CPU
		{D567886B-E442-41AA-905C-8B83A0E064B1}.Release|Any CPU.ActiveCfg = Release|Any CPU
		{D567886B-E442-41AA-905C-8B83A0E064B1}.Release|Any CPU.Build.0 = Release|Any CPU
		{FE0E38EA-E062-43C4-8E16-38B34042BCA8}.Debug|Any CPU.ActiveCfg = Debug|Any CPU
		{FE0E38EA-E062-43C4-8E16-38B34042BCA8}.Debug|Any CPU.Build.0 = Debug|Any CPU
		{FE0E38EA-E062-43C4-8E16-38B34042BCA8}.Release|Any CPU.ActiveCfg = Release|Any CPU
		{FE0E38EA-E062-43C4-8E16-38B34042BCA8}.Release|Any CPU.Build.0 = Release|Any CPU
	EndGlobalSection
	GlobalSection(SolutionProperties) = preSolution
		HideSolutionNode = FALSE
	EndGlobalSection
	GlobalSection(ExtensibilityGlobals) = postSolution
		SolutionGuid = {D357DDDC-ECAD-48E9-9110-CB91607024A6}
	EndGlobalSection
EndGlobal
